
Microsoft Visual Studio Solution File, Format Version 12.00
# Visual Studio 2013
VisualStudioVersion = 12.0.20824.1
MinimumVisualStudioVersion = 10.0.40219.1
Project("{FAE04EC0-301F-11D3-BF4B-00C04F79EFBC}") = "EntityFramework6.Extended.NET451", "EntityFramework6.Extended.NET451\EntityFramework6.Extended.NET451.csproj", "{D390C235-242C-4E92-9E0B-D2463E87B0F0}"
EndProject
Project("{FAE04EC0-301F-11D3-BF4B-00C04F79EFBC}") = "EntityFramework6.Extended.NET451.Tests", "EntityFramework6.Extended.NET451.Tests\EntityFramework6.Extended.NET451.Tests.csproj", "{732B8A40-BB2A-4E57-98CE-A48CF8F3D569}"
EndProject
Project("{2150E333-8FDC-42A3-9474-1A3956D46DE8}") = "Solution Items", "Solution Items", "{BE12C461-E0A7-43E3-B304-8D80D7E3D046}"
	ProjectSection(SolutionItems) = preProject
		..\EntityFramework.Extended.nuspec = ..\EntityFramework.Extended.nuspec
		EntityFramework.Extended.vsmdi = EntityFramework.Extended.vsmdi
		Local.testsettings = Local.testsettings
		..\Master.proj = ..\Master.proj
		..\readme.md = ..\readme.md
		SharedAssemblyInfo.cs = SharedAssemblyInfo.cs
		SharedAssemblyInfo.EF5.cs = SharedAssemblyInfo.EF5.cs
		SharedAssemblyInfo.EF6.cs = SharedAssemblyInfo.EF6.cs
		TraceAndTestImpact.testsettings = TraceAndTestImpact.testsettings
	EndProjectSection
EndProject
Project("{FAE04EC0-301F-11D3-BF4B-00C04F79EFBC}") = "Tracker.SqlServer.CodeFirst.NET45", "Samples\EF6\Tracker.SqlServer.CodeFirst.NET45\Tracker.SqlServer.CodeFirst.NET45.csproj", "{FA68FB7C-D87E-497B-A300-F2A7827FE92C}"
EndProject
Project("{FAE04EC0-301F-11D3-BF4B-00C04F79EFBC}") = "Tracker.SqlServer.NET45.Tests", "Samples\EF6\Tracker.SqlServer.NET45.Tests\Tracker.SqlServer.NET45.Tests.csproj", "{ACB6E31F-C2B8-48BF-97C5-22FED0F6D6AC}"
EndProject
Project("{FAE04EC0-301F-11D3-BF4B-00C04F79EFBC}") = "Tracker.SqlServer.Entities.NET45", "Samples\EF6\Tracker.SqlServer.Entities.NET45\Tracker.SqlServer.Entities.NET45.csproj", "{60743577-CDBD-4E89-AC63-F46CF914458D}"
EndProject
Project("{FAE04EC0-301F-11D3-BF4B-00C04F79EFBC}") = "Tracker.SqlCompact.NET45", "Samples\EF6\Tracker.SqlCompact.NET45\Tracker.SqlCompact.NET45.csproj", "{673ABCFA-71ED-4907-8EAC-D0328DB01D8E}"
EndProject
Project("{FAE04EC0-301F-11D3-BF4B-00C04F79EFBC}") = "Tracker.SqlCompact.NET45.Tests", "Samples\EF6\Tracker.SqlCompact.NET45.Tests\Tracker.SqlCompact.NET45.Tests.csproj", "{9B3AA433-49DF-46AA-BE45-34CB3EE81173}"
EndProject
Project("{2150E333-8FDC-42A3-9474-1A3956D46DE8}") = ".nuget", ".nuget", "{0E3BC071-9F05-44AF-AA3E-4373EF1390A1}"
	ProjectSection(SolutionItems) = preProject
		.nuget\NuGet.Config = .nuget\NuGet.Config
		.nuget\NuGet.exe = .nuget\NuGet.exe
		.nuget\NuGet.targets = .nuget\NuGet.targets
	EndProjectSection
EndProject
Project("{2150E333-8FDC-42A3-9474-1A3956D46DE8}") = "EF5", "EF5", "{12462454-3059-48BE-BD42-4AEA4CF6CDF8}"
EndProject
Project("{2150E333-8FDC-42A3-9474-1A3956D46DE8}") = "EF6", "EF6", "{C95BB8CA-9086-417E-A251-CE0778CAFB7A}"
EndProject
Project("{2150E333-8FDC-42A3-9474-1A3956D46DE8}") = "Tests", "Tests", "{F8BE3771-1AA5-465A-8A42-CD0521D379E6}"
EndProject
Project("{2150E333-8FDC-42A3-9474-1A3956D46DE8}") = "Examples", "Examples", "{F44A52FA-30F9-4C48-A2D2-B52494934C7D}"
EndProject
Project("{FAE04EC0-301F-11D3-BF4B-00C04F79EFBC}") = "Tracker.SqlCompact.NET4", "Samples\EF6\Tracker.SqlCompact.NET4\Tracker.SqlCompact.NET4.csproj", "{75AF17FC-314D-4202-ACCC-1114F2661C06}"
EndProject
Project("{FAE04EC0-301F-11D3-BF4B-00C04F79EFBC}") = "Tracker.SqlCompact.NET451", "Samples\EF6\Tracker.SqlCompact.NET451\Tracker.SqlCompact.NET451.csproj", "{96DDA8CB-E0F9-452A-A236-62C59BB81552}"
EndProject
Project("{FAE04EC0-301F-11D3-BF4B-00C04F79EFBC}") = "Tracker.SqlServer.CodeFirst.NET4", "Samples\EF6\Tracker.SqlServer.CodeFirst.NET4\Tracker.SqlServer.CodeFirst.NET4.csproj", "{048012C9-E25F-4BD4-BB37-425CE1789DEC}"
EndProject
Project("{FAE04EC0-301F-11D3-BF4B-00C04F79EFBC}") = "Tracker.SqlServer.CodeFirst.NET451", "Samples\EF6\Tracker.SqlServer.CodeFirst.NET451\Tracker.SqlServer.CodeFirst.NET451.csproj", "{D22AF734-0479-48DE-AAF2-6A82F9CBDACE}"
EndProject
Project("{FAE04EC0-301F-11D3-BF4B-00C04F79EFBC}") = "Tracker.SqlServer.Entities.NET4", "Samples\EF6\Tracker.SqlServer.Entities.NET4\Tracker.SqlServer.Entities.NET4.csproj", "{EE1E87CB-0BF0-4E31-B8D8-D3387DB8B234}"
EndProject
Project("{FAE04EC0-301F-11D3-BF4B-00C04F79EFBC}") = "Tracker.SqlServer.Entities.NET451", "Samples\EF6\Tracker.SqlServer.Entities.NET451\Tracker.SqlServer.Entities.NET451.csproj", "{198295D0-AF23-46CA-B2F8-0FBCB5419466}"
EndProject
Project("{FAE04EC0-301F-11D3-BF4B-00C04F79EFBC}") = "Tracker.SqlServer.NET4.Tests", "Samples\EF6\Tracker.SqlServer.NET4.Tests\Tracker.SqlServer.NET4.Tests.csproj", "{34E0D5DA-8201-48CA-A1E1-2763F487E43D}"
EndProject
Project("{FAE04EC0-301F-11D3-BF4B-00C04F79EFBC}") = "Tracker.SqlServer.NET451.Tests", "Samples\EF6\Tracker.SqlServer.NET451.Tests\Tracker.SqlServer.NET451.Tests.csproj", "{4589425D-7430-4924-91B3-7BB3083B0A72}"
EndProject
Project("{FAE04EC0-301F-11D3-BF4B-00C04F79EFBC}") = "EntityFramework6.Extended.NET45", "EntityFramework6.Extended.NET45\EntityFramework6.Extended.NET45.csproj", "{004DAD7B-8449-4878-8F78-6E9E46A984FE}"
EndProject
Project("{FAE04EC0-301F-11D3-BF4B-00C04F79EFBC}") = "EntityFramework6.Extended.NET4", "EntityFramework6.Extended.NET4\EntityFramework6.Extended.NET4.csproj", "{C2ECB29E-0970-4592-BB4C-B7D08B59BC57}"
EndProject
Project("{FAE04EC0-301F-11D3-BF4B-00C04F79EFBC}") = "Tracker.SqlCompact.NET4.Tests", "Samples\EF6\Tracker.SqlCompact.NET4.Tests\Tracker.SqlCompact.NET4.Tests.csproj", "{C95A7A3B-B395-4759-86BF-F0D6B7C0377E}"
EndProject
Project("{FAE04EC0-301F-11D3-BF4B-00C04F79EFBC}") = "Tracker.SqlCompact.NET451.Tests", "Samples\EF6\Tracker.SqlCompact.NET451.Tests\Tracker.SqlCompact.NET451.Tests.csproj", "{308E3FBD-6306-434D-B85F-06C95072E004}"
EndProject
Project("{2150E333-8FDC-42A3-9474-1A3956D46DE8}") = "Core", "Core", "{E745DB08-9AE2-42BB-BA67-FE82A6D20AC8}"
EndProject
Project("{2150E333-8FDC-42A3-9474-1A3956D46DE8}") = "Core", "Core", "{AAE8478D-F27B-434D-8D7C-BC93ED582162}"
EndProject
Project("{2150E333-8FDC-42A3-9474-1A3956D46DE8}") = "Examples", "Examples", "{9E356C3D-7F01-4395-B2E7-5F35C9E7826B}"
EndProject
Project("{2150E333-8FDC-42A3-9474-1A3956D46DE8}") = "Tests", "Tests", "{060FC335-7136-4C22-90D4-EA7EEECCA17D}"
EndProject
Project("{FAE04EC0-301F-11D3-BF4B-00C04F79EFBC}") = "EntityFramework5.Extended.NET451", "EntityFramework5.Extended.NET451\EntityFramework5.Extended.NET451.csproj", "{816B0705-CFDE-48F7-88FA-7C93B4BE2D12}"
EndProject
Project("{FAE04EC0-301F-11D3-BF4B-00C04F79EFBC}") = "EntityFramework5.Extended.NET451.Tests", "EntityFramework5.Extended.NET451.Tests\EntityFramework5.Extended.NET451.Tests.csproj", "{02526CEE-236A-4A6A-BB16-9A94A44B33E5}"
EndProject
Project("{FAE04EC0-301F-11D3-BF4B-00C04F79EFBC}") = "Tracker.SqlCompact.NET4", "Samples\EF5\Tracker.SqlCompact.NET4\Tracker.SqlCompact.NET4.csproj", "{A38151F3-0A3F-4D99-8811-95207F696378}"
EndProject
Project("{FAE04EC0-301F-11D3-BF4B-00C04F79EFBC}") = "Tracker.SqlCompact.NET45", "Samples\EF5\Tracker.SqlCompact.NET45\Tracker.SqlCompact.NET45.csproj", "{C3C7FB4F-FCCC-4938-996F-CBE1AC8B713D}"
EndProject
Project("{FAE04EC0-301F-11D3-BF4B-00C04F79EFBC}") = "Tracker.SqlCompact.NET451", "Samples\EF5\Tracker.SqlCompact.NET451\Tracker.SqlCompact.NET451.csproj", "{5F057F96-7F88-45E7-82AB-0442CA872F26}"
EndProject
Project("{FAE04EC0-301F-11D3-BF4B-00C04F79EFBC}") = "EntityFramework5.Extended.NET45", "EntityFramework5.Extended.NET45\EntityFramework5.Extended.NET45.csproj", "{BCF30BB6-48A0-483A-857E-537B57987BA3}"
EndProject
Project("{FAE04EC0-301F-11D3-BF4B-00C04F79EFBC}") = "EntityFramework5.Extended.NET4", "EntityFramework5.Extended.NET4\EntityFramework5.Extended.NET4.csproj", "{5D64E0DD-B6C7-4AF2-8CDD-79A69050F52F}"
EndProject
Project("{FAE04EC0-301F-11D3-BF4B-00C04F79EFBC}") = "Tracker.SqlServer.CodeFirst.NET4", "Samples\EF5\Tracker.SqlServer.CodeFirst.NET4\Tracker.SqlServer.CodeFirst.NET4.csproj", "{FFAA3FB5-A8E0-4E73-AC6C-3931B688FACA}"
EndProject
Project("{FAE04EC0-301F-11D3-BF4B-00C04F79EFBC}") = "Tracker.SqlServer.CodeFirst.NET45", "Samples\EF5\Tracker.SqlServer.CodeFirst.NET45\Tracker.SqlServer.CodeFirst.NET45.csproj", "{BCDD0A20-9EE1-4D22-BC7D-9666616C4623}"
EndProject
Project("{FAE04EC0-301F-11D3-BF4B-00C04F79EFBC}") = "Tracker.SqlServer.CodeFirst.NET451", "Samples\EF5\Tracker.SqlServer.CodeFirst.NET451\Tracker.SqlServer.CodeFirst.NET451.csproj", "{43BA4D87-F06C-4531-84C7-85423CBBBD88}"
EndProject
Project("{FAE04EC0-301F-11D3-BF4B-00C04F79EFBC}") = "Tracker.SqlServer.Entities.NET4", "Samples\EF5\Tracker.SqlServer.Entities.NET4\Tracker.SqlServer.Entities.NET4.csproj", "{0DB3DECE-AD60-41C5-970A-0590F08F9602}"
EndProject
Project("{FAE04EC0-301F-11D3-BF4B-00C04F79EFBC}") = "Tracker.SqlServer.Entities.NET45", "Samples\EF5\Tracker.SqlServer.Entities.NET45\Tracker.SqlServer.Entities.NET45.csproj", "{AE87CA9B-1686-486E-9790-57767F52DAA6}"
EndProject
Project("{FAE04EC0-301F-11D3-BF4B-00C04F79EFBC}") = "Tracker.SqlServer.Entities.NET451", "Samples\EF5\Tracker.SqlServer.Entities.NET451\Tracker.SqlServer.Entities.NET451.csproj", "{4327531C-2210-440E-AA85-8380AAB00AAD}"
EndProject
Project("{FAE04EC0-301F-11D3-BF4B-00C04F79EFBC}") = "Tracker.SqlServer.NET4.Tests", "Samples\EF5\Tracker.SqlServer.NET4.Tests\Tracker.SqlServer.NET4.Tests.csproj", "{B803C9EA-83B3-4F51-9D63-83E3672D850C}"
EndProject
Project("{FAE04EC0-301F-11D3-BF4B-00C04F79EFBC}") = "Tracker.SqlServer.NET45.Tests", "Samples\EF5\Tracker.SqlServer.NET45.Tests\Tracker.SqlServer.NET45.Tests.csproj", "{8857E109-2942-4CD4-9AA2-3084DE00B490}"
EndProject
Project("{FAE04EC0-301F-11D3-BF4B-00C04F79EFBC}") = "Tracker.SqlServer.NET451.Tests", "Samples\EF5\Tracker.SqlServer.NET451.Tests\Tracker.SqlServer.NET451.Tests.csproj", "{9011552B-4035-4162-B78F-E0EEB886300D}"
EndProject
Project("{FAE04EC0-301F-11D3-BF4B-00C04F79EFBC}") = "Tracker.SqlCompact.NET4.Tests", "Samples\EF5\Tracker.SqlCompact.NET4.Tests\Tracker.SqlCompact.NET4.Tests.csproj", "{8D592924-A8F5-4DF5-B324-C4ADEDCE0593}"
EndProject
Project("{FAE04EC0-301F-11D3-BF4B-00C04F79EFBC}") = "Tracker.SqlCompact.NET45.Tests", "Samples\EF5\Tracker.SqlCompact.NET45.Tests\Tracker.SqlCompact.NET45.Tests.csproj", "{115EF517-FB59-404A-9BD8-BB101EEA0352}"
EndProject
Project("{FAE04EC0-301F-11D3-BF4B-00C04F79EFBC}") = "Tracker.SqlCompact.NET451.Tests", "Samples\EF5\Tracker.SqlCompact.NET451.Tests\Tracker.SqlCompact.NET451.Tests.csproj", "{CEE1B45D-1873-4101-B051-6299E3324DED}"
EndProject
Global
	GlobalSection(SolutionConfigurationPlatforms) = preSolution
		Debug|Any CPU = Debug|Any CPU
		Release|Any CPU = Release|Any CPU
	EndGlobalSection
	GlobalSection(ProjectConfigurationPlatforms) = postSolution
		{D390C235-242C-4E92-9E0B-D2463E87B0F0}.Debug|Any CPU.ActiveCfg = Debug|Any CPU
		{D390C235-242C-4E92-9E0B-D2463E87B0F0}.Debug|Any CPU.Build.0 = Debug|Any CPU
		{D390C235-242C-4E92-9E0B-D2463E87B0F0}.Release|Any CPU.ActiveCfg = Release|Any CPU
		{D390C235-242C-4E92-9E0B-D2463E87B0F0}.Release|Any CPU.Build.0 = Release|Any CPU
		{732B8A40-BB2A-4E57-98CE-A48CF8F3D569}.Debug|Any CPU.ActiveCfg = Debug|Any CPU
		{732B8A40-BB2A-4E57-98CE-A48CF8F3D569}.Debug|Any CPU.Build.0 = Debug|Any CPU
		{732B8A40-BB2A-4E57-98CE-A48CF8F3D569}.Release|Any CPU.ActiveCfg = Release|Any CPU
		{732B8A40-BB2A-4E57-98CE-A48CF8F3D569}.Release|Any CPU.Build.0 = Release|Any CPU
		{FA68FB7C-D87E-497B-A300-F2A7827FE92C}.Debug|Any CPU.ActiveCfg = Debug|Any CPU
		{FA68FB7C-D87E-497B-A300-F2A7827FE92C}.Debug|Any CPU.Build.0 = Debug|Any CPU
		{FA68FB7C-D87E-497B-A300-F2A7827FE92C}.Release|Any CPU.ActiveCfg = Release|Any CPU
		{FA68FB7C-D87E-497B-A300-F2A7827FE92C}.Release|Any CPU.Build.0 = Release|Any CPU
		{ACB6E31F-C2B8-48BF-97C5-22FED0F6D6AC}.Debug|Any CPU.ActiveCfg = Debug|Any CPU
		{ACB6E31F-C2B8-48BF-97C5-22FED0F6D6AC}.Debug|Any CPU.Build.0 = Debug|Any CPU
		{ACB6E31F-C2B8-48BF-97C5-22FED0F6D6AC}.Release|Any CPU.ActiveCfg = Release|Any CPU
		{ACB6E31F-C2B8-48BF-97C5-22FED0F6D6AC}.Release|Any CPU.Build.0 = Release|Any CPU
		{60743577-CDBD-4E89-AC63-F46CF914458D}.Debug|Any CPU.ActiveCfg = Debug|Any CPU
		{60743577-CDBD-4E89-AC63-F46CF914458D}.Debug|Any CPU.Build.0 = Debug|Any CPU
		{60743577-CDBD-4E89-AC63-F46CF914458D}.Release|Any CPU.ActiveCfg = Release|Any CPU
		{60743577-CDBD-4E89-AC63-F46CF914458D}.Release|Any CPU.Build.0 = Release|Any CPU
		{673ABCFA-71ED-4907-8EAC-D0328DB01D8E}.Debug|Any CPU.ActiveCfg = Debug|Any CPU
		{673ABCFA-71ED-4907-8EAC-D0328DB01D8E}.Debug|Any CPU.Build.0 = Debug|Any CPU
		{673ABCFA-71ED-4907-8EAC-D0328DB01D8E}.Release|Any CPU.ActiveCfg = Release|Any CPU
		{673ABCFA-71ED-4907-8EAC-D0328DB01D8E}.Release|Any CPU.Build.0 = Release|Any CPU
		{9B3AA433-49DF-46AA-BE45-34CB3EE81173}.Debug|Any CPU.ActiveCfg = Debug|Any CPU
		{9B3AA433-49DF-46AA-BE45-34CB3EE81173}.Debug|Any CPU.Build.0 = Debug|Any CPU
		{9B3AA433-49DF-46AA-BE45-34CB3EE81173}.Release|Any CPU.ActiveCfg = Release|Any CPU
		{9B3AA433-49DF-46AA-BE45-34CB3EE81173}.Release|Any CPU.Build.0 = Release|Any CPU
		{75AF17FC-314D-4202-ACCC-1114F2661C06}.Debug|Any CPU.ActiveCfg = Debug|Any CPU
		{75AF17FC-314D-4202-ACCC-1114F2661C06}.Debug|Any CPU.Build.0 = Debug|Any CPU
		{75AF17FC-314D-4202-ACCC-1114F2661C06}.Release|Any CPU.ActiveCfg = Release|Any CPU
		{75AF17FC-314D-4202-ACCC-1114F2661C06}.Release|Any CPU.Build.0 = Release|Any CPU
		{96DDA8CB-E0F9-452A-A236-62C59BB81552}.Debug|Any CPU.ActiveCfg = Debug|Any CPU
		{96DDA8CB-E0F9-452A-A236-62C59BB81552}.Debug|Any CPU.Build.0 = Debug|Any CPU
		{96DDA8CB-E0F9-452A-A236-62C59BB81552}.Release|Any CPU.ActiveCfg = Release|Any CPU
		{96DDA8CB-E0F9-452A-A236-62C59BB81552}.Release|Any CPU.Build.0 = Release|Any CPU
		{048012C9-E25F-4BD4-BB37-425CE1789DEC}.Debug|Any CPU.ActiveCfg = Debug|Any CPU
		{048012C9-E25F-4BD4-BB37-425CE1789DEC}.Debug|Any CPU.Build.0 = Debug|Any CPU
		{048012C9-E25F-4BD4-BB37-425CE1789DEC}.Release|Any CPU.ActiveCfg = Release|Any CPU
		{048012C9-E25F-4BD4-BB37-425CE1789DEC}.Release|Any CPU.Build.0 = Release|Any CPU
		{D22AF734-0479-48DE-AAF2-6A82F9CBDACE}.Debug|Any CPU.ActiveCfg = Debug|Any CPU
		{D22AF734-0479-48DE-AAF2-6A82F9CBDACE}.Debug|Any CPU.Build.0 = Debug|Any CPU
		{D22AF734-0479-48DE-AAF2-6A82F9CBDACE}.Release|Any CPU.ActiveCfg = Release|Any CPU
		{D22AF734-0479-48DE-AAF2-6A82F9CBDACE}.Release|Any CPU.Build.0 = Release|Any CPU
		{EE1E87CB-0BF0-4E31-B8D8-D3387DB8B234}.Debug|Any CPU.ActiveCfg = Debug|Any CPU
		{EE1E87CB-0BF0-4E31-B8D8-D3387DB8B234}.Debug|Any CPU.Build.0 = Debug|Any CPU
		{EE1E87CB-0BF0-4E31-B8D8-D3387DB8B234}.Release|Any CPU.ActiveCfg = Release|Any CPU
		{EE1E87CB-0BF0-4E31-B8D8-D3387DB8B234}.Release|Any CPU.Build.0 = Release|Any CPU
		{198295D0-AF23-46CA-B2F8-0FBCB5419466}.Debug|Any CPU.ActiveCfg = Debug|Any CPU
		{198295D0-AF23-46CA-B2F8-0FBCB5419466}.Debug|Any CPU.Build.0 = Debug|Any CPU
		{198295D0-AF23-46CA-B2F8-0FBCB5419466}.Release|Any CPU.ActiveCfg = Release|Any CPU
		{198295D0-AF23-46CA-B2F8-0FBCB5419466}.Release|Any CPU.Build.0 = Release|Any CPU
		{34E0D5DA-8201-48CA-A1E1-2763F487E43D}.Debug|Any CPU.ActiveCfg = Debug|Any CPU
		{34E0D5DA-8201-48CA-A1E1-2763F487E43D}.Debug|Any CPU.Build.0 = Debug|Any CPU
		{34E0D5DA-8201-48CA-A1E1-2763F487E43D}.Release|Any CPU.ActiveCfg = Release|Any CPU
		{34E0D5DA-8201-48CA-A1E1-2763F487E43D}.Release|Any CPU.Build.0 = Release|Any CPU
		{4589425D-7430-4924-91B3-7BB3083B0A72}.Debug|Any CPU.ActiveCfg = Debug|Any CPU
		{4589425D-7430-4924-91B3-7BB3083B0A72}.Debug|Any CPU.Build.0 = Debug|Any CPU
		{4589425D-7430-4924-91B3-7BB3083B0A72}.Release|Any CPU.ActiveCfg = Release|Any CPU
		{4589425D-7430-4924-91B3-7BB3083B0A72}.Release|Any CPU.Build.0 = Release|Any CPU
		{004DAD7B-8449-4878-8F78-6E9E46A984FE}.Debug|Any CPU.ActiveCfg = Debug|Any CPU
		{004DAD7B-8449-4878-8F78-6E9E46A984FE}.Debug|Any CPU.Build.0 = Debug|Any CPU
		{004DAD7B-8449-4878-8F78-6E9E46A984FE}.Release|Any CPU.ActiveCfg = Release|Any CPU
		{004DAD7B-8449-4878-8F78-6E9E46A984FE}.Release|Any CPU.Build.0 = Release|Any CPU
		{C2ECB29E-0970-4592-BB4C-B7D08B59BC57}.Debug|Any CPU.ActiveCfg = Debug|Any CPU
		{C2ECB29E-0970-4592-BB4C-B7D08B59BC57}.Debug|Any CPU.Build.0 = Debug|Any CPU
		{C2ECB29E-0970-4592-BB4C-B7D08B59BC57}.Release|Any CPU.ActiveCfg = Release|Any CPU
		{C2ECB29E-0970-4592-BB4C-B7D08B59BC57}.Release|Any CPU.Build.0 = Release|Any CPU
		{C95A7A3B-B395-4759-86BF-F0D6B7C0377E}.Debug|Any CPU.ActiveCfg = Debug|Any CPU
		{C95A7A3B-B395-4759-86BF-F0D6B7C0377E}.Debug|Any CPU.Build.0 = Debug|Any CPU
		{C95A7A3B-B395-4759-86BF-F0D6B7C0377E}.Release|Any CPU.ActiveCfg = Release|Any CPU
		{C95A7A3B-B395-4759-86BF-F0D6B7C0377E}.Release|Any CPU.Build.0 = Release|Any CPU
		{308E3FBD-6306-434D-B85F-06C95072E004}.Debug|Any CPU.ActiveCfg = Debug|Any CPU
		{308E3FBD-6306-434D-B85F-06C95072E004}.Debug|Any CPU.Build.0 = Debug|Any CPU
		{308E3FBD-6306-434D-B85F-06C95072E004}.Release|Any CPU.ActiveCfg = Release|Any CPU
		{308E3FBD-6306-434D-B85F-06C95072E004}.Release|Any CPU.Build.0 = Release|Any CPU
		{816B0705-CFDE-48F7-88FA-7C93B4BE2D12}.Debug|Any CPU.ActiveCfg = Debug|Any CPU
		{816B0705-CFDE-48F7-88FA-7C93B4BE2D12}.Debug|Any CPU.Build.0 = Debug|Any CPU
		{816B0705-CFDE-48F7-88FA-7C93B4BE2D12}.Release|Any CPU.ActiveCfg = Release|Any CPU
		{816B0705-CFDE-48F7-88FA-7C93B4BE2D12}.Release|Any CPU.Build.0 = Release|Any CPU
		{02526CEE-236A-4A6A-BB16-9A94A44B33E5}.Debug|Any CPU.ActiveCfg = Debug|Any CPU
		{02526CEE-236A-4A6A-BB16-9A94A44B33E5}.Debug|Any CPU.Build.0 = Debug|Any CPU
		{02526CEE-236A-4A6A-BB16-9A94A44B33E5}.Release|Any CPU.ActiveCfg = Release|Any CPU
		{02526CEE-236A-4A6A-BB16-9A94A44B33E5}.Release|Any CPU.Build.0 = Release|Any CPU
		{A38151F3-0A3F-4D99-8811-95207F696378}.Debug|Any CPU.ActiveCfg = Debug|Any CPU
		{A38151F3-0A3F-4D99-8811-95207F696378}.Debug|Any CPU.Build.0 = Debug|Any CPU
		{A38151F3-0A3F-4D99-8811-95207F696378}.Release|Any CPU.ActiveCfg = Release|Any CPU
		{A38151F3-0A3F-4D99-8811-95207F696378}.Release|Any CPU.Build.0 = Release|Any CPU
		{C3C7FB4F-FCCC-4938-996F-CBE1AC8B713D}.Debug|Any CPU.ActiveCfg = Debug|Any CPU
		{C3C7FB4F-FCCC-4938-996F-CBE1AC8B713D}.Debug|Any CPU.Build.0 = Debug|Any CPU
		{C3C7FB4F-FCCC-4938-996F-CBE1AC8B713D}.Release|Any CPU.ActiveCfg = Release|Any CPU
		{C3C7FB4F-FCCC-4938-996F-CBE1AC8B713D}.Release|Any CPU.Build.0 = Release|Any CPU
		{5F057F96-7F88-45E7-82AB-0442CA872F26}.Debug|Any CPU.ActiveCfg = Debug|Any CPU
		{5F057F96-7F88-45E7-82AB-0442CA872F26}.Debug|Any CPU.Build.0 = Debug|Any CPU
		{5F057F96-7F88-45E7-82AB-0442CA872F26}.Release|Any CPU.ActiveCfg = Release|Any CPU
		{5F057F96-7F88-45E7-82AB-0442CA872F26}.Release|Any CPU.Build.0 = Release|Any CPU
		{BCF30BB6-48A0-483A-857E-537B57987BA3}.Debug|Any CPU.ActiveCfg = Debug|Any CPU
		{BCF30BB6-48A0-483A-857E-537B57987BA3}.Debug|Any CPU.Build.0 = Debug|Any CPU
		{BCF30BB6-48A0-483A-857E-537B57987BA3}.Release|Any CPU.ActiveCfg = Release|Any CPU
		{BCF30BB6-48A0-483A-857E-537B57987BA3}.Release|Any CPU.Build.0 = Release|Any CPU
		{5D64E0DD-B6C7-4AF2-8CDD-79A69050F52F}.Debug|Any CPU.ActiveCfg = Debug|Any CPU
		{5D64E0DD-B6C7-4AF2-8CDD-79A69050F52F}.Debug|Any CPU.Build.0 = Debug|Any CPU
		{5D64E0DD-B6C7-4AF2-8CDD-79A69050F52F}.Release|Any CPU.ActiveCfg = Release|Any CPU
		{5D64E0DD-B6C7-4AF2-8CDD-79A69050F52F}.Release|Any CPU.Build.0 = Release|Any CPU
		{FFAA3FB5-A8E0-4E73-AC6C-3931B688FACA}.Debug|Any CPU.ActiveCfg = Debug|Any CPU
		{FFAA3FB5-A8E0-4E73-AC6C-3931B688FACA}.Debug|Any CPU.Build.0 = Debug|Any CPU
		{FFAA3FB5-A8E0-4E73-AC6C-3931B688FACA}.Release|Any CPU.ActiveCfg = Release|Any CPU
		{FFAA3FB5-A8E0-4E73-AC6C-3931B688FACA}.Release|Any CPU.Build.0 = Release|Any CPU
		{BCDD0A20-9EE1-4D22-BC7D-9666616C4623}.Debug|Any CPU.ActiveCfg = Debug|Any CPU
		{BCDD0A20-9EE1-4D22-BC7D-9666616C4623}.Debug|Any CPU.Build.0 = Debug|Any CPU
		{BCDD0A20-9EE1-4D22-BC7D-9666616C4623}.Release|Any CPU.ActiveCfg = Release|Any CPU
		{BCDD0A20-9EE1-4D22-BC7D-9666616C4623}.Release|Any CPU.Build.0 = Release|Any CPU
		{43BA4D87-F06C-4531-84C7-85423CBBBD88}.Debug|Any CPU.ActiveCfg = Debug|Any CPU
		{43BA4D87-F06C-4531-84C7-85423CBBBD88}.Debug|Any CPU.Build.0 = Debug|Any CPU
		{43BA4D87-F06C-4531-84C7-85423CBBBD88}.Release|Any CPU.ActiveCfg = Release|Any CPU
		{43BA4D87-F06C-4531-84C7-85423CBBBD88}.Release|Any CPU.Build.0 = Release|Any CPU
		{0DB3DECE-AD60-41C5-970A-0590F08F9602}.Debug|Any CPU.ActiveCfg = Debug|Any CPU
		{0DB3DECE-AD60-41C5-970A-0590F08F9602}.Debug|Any CPU.Build.0 = Debug|Any CPU
		{0DB3DECE-AD60-41C5-970A-0590F08F9602}.Release|Any CPU.ActiveCfg = Release|Any CPU
		{0DB3DECE-AD60-41C5-970A-0590F08F9602}.Release|Any CPU.Build.0 = Release|Any CPU
		{AE87CA9B-1686-486E-9790-57767F52DAA6}.Debug|Any CPU.ActiveCfg = Debug|Any CPU
		{AE87CA9B-1686-486E-9790-57767F52DAA6}.Debug|Any CPU.Build.0 = Debug|Any CPU
		{AE87CA9B-1686-486E-9790-57767F52DAA6}.Release|Any CPU.ActiveCfg = Release|Any CPU
		{AE87CA9B-1686-486E-9790-57767F52DAA6}.Release|Any CPU.Build.0 = Release|Any CPU
		{4327531C-2210-440E-AA85-8380AAB00AAD}.Debug|Any CPU.ActiveCfg = Debug|Any CPU
		{4327531C-2210-440E-AA85-8380AAB00AAD}.Debug|Any CPU.Build.0 = Debug|Any CPU
		{4327531C-2210-440E-AA85-8380AAB00AAD}.Release|Any CPU.ActiveCfg = Release|Any CPU
		{4327531C-2210-440E-AA85-8380AAB00AAD}.Release|Any CPU.Build.0 = Release|Any CPU
		{B803C9EA-83B3-4F51-9D63-83E3672D850C}.Debug|Any CPU.ActiveCfg = Debug|Any CPU
		{B803C9EA-83B3-4F51-9D63-83E3672D850C}.Debug|Any CPU.Build.0 = Debug|Any CPU
		{B803C9EA-83B3-4F51-9D63-83E3672D850C}.Release|Any CPU.ActiveCfg = Release|Any CPU
		{B803C9EA-83B3-4F51-9D63-83E3672D850C}.Release|Any CPU.Build.0 = Release|Any CPU
		{8857E109-2942-4CD4-9AA2-3084DE00B490}.Debug|Any CPU.ActiveCfg = Debug|Any CPU
		{8857E109-2942-4CD4-9AA2-3084DE00B490}.Debug|Any CPU.Build.0 = Debug|Any CPU
		{8857E109-2942-4CD4-9AA2-3084DE00B490}.Release|Any CPU.ActiveCfg = Release|Any CPU
		{8857E109-2942-4CD4-9AA2-3084DE00B490}.Release|Any CPU.Build.0 = Release|Any CPU
		{9011552B-4035-4162-B78F-E0EEB886300D}.Debug|Any CPU.ActiveCfg = Debug|Any CPU
		{9011552B-4035-4162-B78F-E0EEB886300D}.Debug|Any CPU.Build.0 = Debug|Any CPU
		{9011552B-4035-4162-B78F-E0EEB886300D}.Release|Any CPU.ActiveCfg = Release|Any CPU
		{9011552B-4035-4162-B78F-E0EEB886300D}.Release|Any CPU.Build.0 = Release|Any CPU
		{8D592924-A8F5-4DF5-B324-C4ADEDCE0593}.Debug|Any CPU.ActiveCfg = Debug|Any CPU
		{8D592924-A8F5-4DF5-B324-C4ADEDCE0593}.Debug|Any CPU.Build.0 = Debug|Any CPU
		{8D592924-A8F5-4DF5-B324-C4ADEDCE0593}.Release|Any CPU.ActiveCfg = Release|Any CPU
		{8D592924-A8F5-4DF5-B324-C4ADEDCE0593}.Release|Any CPU.Build.0 = Release|Any CPU
		{115EF517-FB59-404A-9BD8-BB101EEA0352}.Debug|Any CPU.ActiveCfg = Debug|Any CPU
		{115EF517-FB59-404A-9BD8-BB101EEA0352}.Debug|Any CPU.Build.0 = Debug|Any CPU
		{115EF517-FB59-404A-9BD8-BB101EEA0352}.Release|Any CPU.ActiveCfg = Release|Any CPU
		{115EF517-FB59-404A-9BD8-BB101EEA0352}.Release|Any CPU.Build.0 = Release|Any CPU
		{CEE1B45D-1873-4101-B051-6299E3324DED}.Debug|Any CPU.ActiveCfg = Debug|Any CPU
		{CEE1B45D-1873-4101-B051-6299E3324DED}.Debug|Any CPU.Build.0 = Debug|Any CPU
		{CEE1B45D-1873-4101-B051-6299E3324DED}.Release|Any CPU.ActiveCfg = Release|Any CPU
		{CEE1B45D-1873-4101-B051-6299E3324DED}.Release|Any CPU.Build.0 = Release|Any CPU
	EndGlobalSection
	GlobalSection(SolutionProperties) = preSolution
		HideSolutionNode = FALSE
	EndGlobalSection
	GlobalSection(NestedProjects) = preSolution
		{F8BE3771-1AA5-465A-8A42-CD0521D379E6} = {C95BB8CA-9086-417E-A251-CE0778CAFB7A}
		{F44A52FA-30F9-4C48-A2D2-B52494934C7D} = {C95BB8CA-9086-417E-A251-CE0778CAFB7A}
		{E745DB08-9AE2-42BB-BA67-FE82A6D20AC8} = {C95BB8CA-9086-417E-A251-CE0778CAFB7A}
		{ACB6E31F-C2B8-48BF-97C5-22FED0F6D6AC} = {F8BE3771-1AA5-465A-8A42-CD0521D379E6}
		{9B3AA433-49DF-46AA-BE45-34CB3EE81173} = {F8BE3771-1AA5-465A-8A42-CD0521D379E6}
		{732B8A40-BB2A-4E57-98CE-A48CF8F3D569} = {F8BE3771-1AA5-465A-8A42-CD0521D379E6}
		{34E0D5DA-8201-48CA-A1E1-2763F487E43D} = {F8BE3771-1AA5-465A-8A42-CD0521D379E6}
		{4589425D-7430-4924-91B3-7BB3083B0A72} = {F8BE3771-1AA5-465A-8A42-CD0521D379E6}
		{C95A7A3B-B395-4759-86BF-F0D6B7C0377E} = {F8BE3771-1AA5-465A-8A42-CD0521D379E6}
		{308E3FBD-6306-434D-B85F-06C95072E004} = {F8BE3771-1AA5-465A-8A42-CD0521D379E6}
		{60743577-CDBD-4E89-AC63-F46CF914458D} = {F44A52FA-30F9-4C48-A2D2-B52494934C7D}
		{673ABCFA-71ED-4907-8EAC-D0328DB01D8E} = {F44A52FA-30F9-4C48-A2D2-B52494934C7D}
		{FA68FB7C-D87E-497B-A300-F2A7827FE92C} = {F44A52FA-30F9-4C48-A2D2-B52494934C7D}
		{75AF17FC-314D-4202-ACCC-1114F2661C06} = {F44A52FA-30F9-4C48-A2D2-B52494934C7D}
		{96DDA8CB-E0F9-452A-A236-62C59BB81552} = {F44A52FA-30F9-4C48-A2D2-B52494934C7D}
		{048012C9-E25F-4BD4-BB37-425CE1789DEC} = {F44A52FA-30F9-4C48-A2D2-B52494934C7D}
		{D22AF734-0479-48DE-AAF2-6A82F9CBDACE} = {F44A52FA-30F9-4C48-A2D2-B52494934C7D}
		{EE1E87CB-0BF0-4E31-B8D8-D3387DB8B234} = {F44A52FA-30F9-4C48-A2D2-B52494934C7D}
		{198295D0-AF23-46CA-B2F8-0FBCB5419466} = {F44A52FA-30F9-4C48-A2D2-B52494934C7D}
		{AAE8478D-F27B-434D-8D7C-BC93ED582162} = {12462454-3059-48BE-BD42-4AEA4CF6CDF8}
		{9E356C3D-7F01-4395-B2E7-5F35C9E7826B} = {12462454-3059-48BE-BD42-4AEA4CF6CDF8}
		{060FC335-7136-4C22-90D4-EA7EEECCA17D} = {12462454-3059-48BE-BD42-4AEA4CF6CDF8}
		{004DAD7B-8449-4878-8F78-6E9E46A984FE} = {E745DB08-9AE2-42BB-BA67-FE82A6D20AC8}
		{C2ECB29E-0970-4592-BB4C-B7D08B59BC57} = {E745DB08-9AE2-42BB-BA67-FE82A6D20AC8}
		{D390C235-242C-4E92-9E0B-D2463E87B0F0} = {E745DB08-9AE2-42BB-BA67-FE82A6D20AC8}
		{816B0705-CFDE-48F7-88FA-7C93B4BE2D12} = {AAE8478D-F27B-434D-8D7C-BC93ED582162}
		{BCF30BB6-48A0-483A-857E-537B57987BA3} = {AAE8478D-F27B-434D-8D7C-BC93ED582162}
		{5D64E0DD-B6C7-4AF2-8CDD-79A69050F52F} = {AAE8478D-F27B-434D-8D7C-BC93ED582162}
		{A38151F3-0A3F-4D99-8811-95207F696378} = {9E356C3D-7F01-4395-B2E7-5F35C9E7826B}
		{C3C7FB4F-FCCC-4938-996F-CBE1AC8B713D} = {9E356C3D-7F01-4395-B2E7-5F35C9E7826B}
		{5F057F96-7F88-45E7-82AB-0442CA872F26} = {9E356C3D-7F01-4395-B2E7-5F35C9E7826B}
		{FFAA3FB5-A8E0-4E73-AC6C-3931B688FACA} = {9E356C3D-7F01-4395-B2E7-5F35C9E7826B}
		{BCDD0A20-9EE1-4D22-BC7D-9666616C4623} = {9E356C3D-7F01-4395-B2E7-5F35C9E7826B}
		{43BA4D87-F06C-4531-84C7-85423CBBBD88} = {9E356C3D-7F01-4395-B2E7-5F35C9E7826B}
		{0DB3DECE-AD60-41C5-970A-0590F08F9602} = {9E356C3D-7F01-4395-B2E7-5F35C9E7826B}
		{AE87CA9B-1686-486E-9790-57767F52DAA6} = {9E356C3D-7F01-4395-B2E7-5F35C9E7826B}
		{4327531C-2210-440E-AA85-8380AAB00AAD} = {9E356C3D-7F01-4395-B2E7-5F35C9E7826B}
		{02526CEE-236A-4A6A-BB16-9A94A44B33E5} = {060FC335-7136-4C22-90D4-EA7EEECCA17D}
		{B803C9EA-83B3-4F51-9D63-83E3672D850C} = {060FC335-7136-4C22-90D4-EA7EEECCA17D}
		{8857E109-2942-4CD4-9AA2-3084DE00B490} = {060FC335-7136-4C22-90D4-EA7EEECCA17D}
		{9011552B-4035-4162-B78F-E0EEB886300D} = {060FC335-7136-4C22-90D4-EA7EEECCA17D}
		{8D592924-A8F5-4DF5-B324-C4ADEDCE0593} = {060FC335-7136-4C22-90D4-EA7EEECCA17D}
		{115EF517-FB59-404A-9BD8-BB101EEA0352} = {060FC335-7136-4C22-90D4-EA7EEECCA17D}
		{CEE1B45D-1873-4101-B051-6299E3324DED} = {060FC335-7136-4C22-90D4-EA7EEECCA17D}
	EndGlobalSection
	GlobalSection(TestCaseManagementSettings) = postSolution
		CategoryFile = EntityFramework.Extended.vsmdi
	EndGlobalSection
EndGlobal
